github.com/albarmo/go-mod-test v1.0.0 h1:hX+OsBwAotdjaZ9I+5lcWxauXBju5dLb5AjtbiWfJw8=
github.com/albarmo/go-mod-test v1.0.0/go.mod h1:3Bb/hb3labHHRSXoWgJ/kVhv8/vbMZZunEg70O7BcNE=
github.com/albarmo/go-mod-test v1.0.1 h1:T3lv2LNEQUSAuyjvfLMkx4lRF2idBoiaYGBfznM10E4=
github.com/albarmo/go-mod-test v1.0.1/go.mod h1:3Bb/hb3labHHRSXoWgJ/kVhv8/vbMZZunEg70O7BcNE=
